
Microsoft Visual Studio Solution File, Format Version 12.00
# Visual Studio Version 16
VisualStudioVersion = 16.0.30002.166
MinimumVisualStudioVersion = 10.0.40219.1
Project("{FAE04EC0-301F-11D3-BF4B-00C04F79EFBC}") = "QYE8OW_VaR", "QYE8OW_VaR\QYE8OW_VaR.csproj", "{7DD6002C-69CF-48F1-AF65-54FE56B25F17}"
EndProject
Global
	GlobalSection(SolutionConfigurationPlatforms) = preSolution
		Debug|Any CPU = Debug|Any CPU
		Release|Any CPU = Release|Any CPU
	EndGlobalSection
	GlobalSection(ProjectConfigurationPlatforms) = postSolution
		{7DD6002C-69CF-48F1-AF65-54FE56B25F17}.Debug|Any CPU.ActiveCfg = Debug|Any CPU
		{7DD6002C-69CF-48F1-AF65-54FE56B25F17}.Debug|Any CPU.Build.0 = Debug|Any CPU
		{7DD6002C-69CF-48F1-AF65-54FE56B25F17}.Release|Any CPU.ActiveCfg = Release|Any CPU
		{7DD6002C-69CF-48F1-AF65-54FE56B25F17}.Release|Any CPU.Build.0 = Release|Any CPU
	EndGlobalSection
	GlobalSection(SolutionProperties) = preSolution
		HideSolutionNode = FALSE
	EndGlobalSection
	GlobalSection(ExtensibilityGlobals) = postSolution
		SolutionGuid = {ED574445-0A67-4E49-8505-605331AC8464}
	EndGlobalSection
EndGlobal
